// !$*UTF8*$!
{
	archiveVersion = 1;
	classes = {
	};
	objectVersion = 46;
	objects = {

/* Begin PBXBuildFile section */
		AA3B47B31ECAF368002FFC86 /* main.m in Sources */ = {isa = PBXBuildFile; fileRef = AA3B47B21ECAF368002FFC86 /* main.m */; };
		AA3B47B61ECAF368002FFC86 /* AppDelegate.m in Sources */ = {isa = PBXBuildFile; fileRef = AA3B47B51ECAF368002FFC86 /* AppDelegate.m */; };
		AA3B47B91ECAF368002FFC86 /* ViewController.m in Sources */ = {isa = PBXBuildFile; fileRef = AA3B47B81ECAF368002FFC86 /* ViewController.m */; };
		AA3B47BC1ECAF368002FFC86 /* Main.storyboard in Resources */ = {isa = PBXBuildFile; fileRef = AA3B47BA1ECAF368002FFC86 /* Main.storyboard */; };
		AA3B47BE1ECAF368002FFC86 /* Assets.xcassets in Resources */ = {isa = PBXBuildFile; fileRef = AA3B47BD1ECAF368002FFC86 /* Assets.xcassets */; };
		AA3B47C11ECAF368002FFC86 /* LaunchScreen.storyboard in Resources */ = {isa = PBXBuildFile; fileRef = AA3B47BF1ECAF368002FFC86 /* LaunchScreen.storyboard */; };
		AA3B47CC1ECAF368002FFC86 /* XYIndexSelectorTests.m in Sources */ = {isa = PBXBuildFile; fileRef = AA3B47CB1ECAF368002FFC86 /* XYIndexSelectorTests.m */; };
		AA3B47D71ECAF368002FFC86 /* XYIndexSelectorUITests.m in Sources */ = {isa = PBXBuildFile; fileRef = AA3B47D61ECAF368002FFC86 /* XYIndexSelectorUITests.m */; };
		AA3B47E61ECAF386002FFC86 /* XYIndexView.m in Sources */ = {isa = PBXBuildFile; fileRef = AA3B47E51ECAF386002FFC86 /* XYIndexView.m */; };
/* End PBXBuildFile section */

/* Begin PBXContainerItemProxy section */
		AA3B47C81ECAF368002FFC86 /* PBXContainerItemProxy */ = {
			isa = PBXContainerItemProxy;
			containerPortal = AA3B47A61ECAF368002FFC86 /* Project object */;
			proxyType = 1;
			remoteGlobalIDString = AA3B47AD1ECAF368002FFC86;
			remoteInfo = XYIndexSelector;
		};
		AA3B47D31ECAF368002FFC86 /* PBXContainerItemProxy */ = {
			isa = PBXContainerItemProxy;
			containerPortal = AA3B47A61ECAF368002FFC86 /* Project object */;
			proxyType = 1;
			remoteGlobalIDString = AA3B47AD1ECAF368002FFC86;
			remoteInfo = XYIndexSelector;
		};
/* End PBXContainerItemProxy section */

/* Begin PBXFileReference section */
		AA3B47AE1ECAF368002FFC86 /* XYIndexSelector.app */ = {isa = PBXFileReference; explicitFileType = wrapper.application; includeInIndex = 0; path = XYIndexSelector.app; sourceTree = BUILT_PRODUCTS_DIR; };
		AA3B47B21ECAF368002FFC86 /* main.m */ = {isa = PBXFileReference; lastKnownFileType = sourcecode.c.objc; path = main.m; sourceTree = "<group>"; };
		AA3B47B41ECAF368002FFC86 /* AppDelegate.h */ = {isa = PBXFileReference; lastKnownFileType = sourcecode.c.h; path = AppDelegate.h; sourceTree = "<group>"; };
		AA3B47B51ECAF368002FFC86 /* AppDelegate.m */ = {isa = PBXFileReference; lastKnownFileType = sourcecode.c.objc; path = AppDelegate.m; sourceTree = "<group>"; };
		AA3B47B71ECAF368002FFC86 /* ViewController.h */ = {isa = PBXFileReference; lastKnownFileType = sourcecode.c.h; path = ViewController.h; sourceTree = "<group>"; };
		AA3B47B81ECAF368002FFC86 /* ViewController.m */ = {isa = PBXFileReference; lastKnownFileType = sourcecode.c.objc; path = ViewController.m; sourceTree = "<group>"; };
		AA3B47BB1ECAF368002FFC86 /* Base */ = {isa = PBXFileReference; lastKnownFileType = file.storyboard; name = Base; path = Base.lproj/Main.storyboard; sourceTree = "<group>"; };
		AA3B47BD1ECAF368002FFC86 /* Assets.xcassets */ = {isa = PBXFileReference; lastKnownFileType = folder.assetcatalog; path = Assets.xcassets; sourceTree = "<group>"; };
		AA3B47C01ECAF368002FFC86 /* Base */ = {isa = PBXFileReference; lastKnownFileType = file.storyboard; name = Base; path = Base.lproj/LaunchScreen.storyboard; sourceTree = "<group>"; };
		AA3B47C21ECAF368002FFC86 /* Info.plist */ = {isa = PBXFileReference; lastKnownFileType = text.plist.xml; path = Info.plist; sourceTree = "<group>"; };
		AA3B47C71ECAF368002FFC86 /* XYIndexSelectorTests.xctest */ = {isa = PBXFileReference; explicitFileType = wrapper.cfbundle; includeInIndex = 0; path = XYIndexSelectorTests.xctest; sourceTree = BUILT_PRODUCTS_DIR; };
		AA3B47CB1ECAF368002FFC86 /* XYIndexSelectorTests.m */ = {isa = PBXFileReference; lastKnownFileType = sourcecode.c.objc; path = XYIndexSelectorTests.m; sourceTree = "<group>"; };
		AA3B47CD1ECAF368002FFC86 /* Info.plist */ = {isa = PBXFileReference; lastKnownFileType = text.plist.xml; path = Info.plist; sourceTree = "<group>"; };
		AA3B47D21ECAF368002FFC86 /* XYIndexSelectorUITests.xctest */ = {isa = PBXFileReference; explicitFileType = wrapper.cfbundle; includeInIndex = 0; path = XYIndexSelectorUITests.xctest; sourceTree = BUILT_PRODUCTS_DIR; };
		AA3B47D61ECAF368002FFC86 /* XYIndexSelectorUITests.m */ = {isa = PBXFileReference; lastKnownFileType = sourcecode.c.objc; path = XYIndexSelectorUITests.m; sourceTree = "<group>"; };
		AA3B47D81ECAF368002FFC86 /* Info.plist */ = {isa = PBXFileReference; lastKnownFileType = text.plist.xml; path = Info.plist; sourceTree = "<group>"; };
		AA3B47E41ECAF386002FFC86 /* XYIndexView.h */ = {isa = PBXFileReference; fileEncoding = 4; lastKnownFileType = sourcecode.c.h; path = XYIndexView.h; sourceTree = "<group>"; };
		AA3B47E51ECAF386002FFC86 /* XYIndexView.m */ = {isa = PBXFileReference; fileEncoding = 4; lastKnownFileType = sourcecode.c.objc; path = XYIndexView.m; sourceTree = "<group>"; };
/* End PBXFileReference section */

/* Begin PBXFrameworksBuildPhase section */
		AA3B47AB1ECAF368002FFC86 /* Frameworks */ = {
			isa = PBXFrameworksBuildPhase;
			buildActionMask = 2147483647;
			files = (
			);
			runOnlyForDeploymentPostprocessing = 0;
		};
		AA3B47C41ECAF368002FFC86 /* Frameworks */ = {
			isa = PBXFrameworksBuildPhase;
			buildActionMask = 2147483647;
			files = (
			);
			runOnlyForDeploymentPostprocessing = 0;
		};
		AA3B47CF1ECAF368002FFC86 /* Frameworks */ = {
			isa = PBXFrameworksBuildPhase;
			buildActionMask = 2147483647;
			files = (
			);
			runOnlyForDeploymentPostprocessing = 0;
		};
/* End PBXFrameworksBuildPhase section */

/* Begin PBXGroup section */
		AA3B47A51ECAF368002FFC86 = {
			isa = PBXGroup;
			children = (
				AA3B47B01ECAF368002FFC86 /* XYIndexSelector */,
				AA3B47CA1ECAF368002FFC86 /* XYIndexSelectorTests */,
				AA3B47D51ECAF368002FFC86 /* XYIndexSelectorUITests */,
				AA3B47AF1ECAF368002FFC86 /* Products */,
			);
			sourceTree = "<group>";
		};
		AA3B47AF1ECAF368002FFC86 /* Products */ = {
			isa = PBXGroup;
			children = (
				AA3B47AE1ECAF368002FFC86 /* XYIndexSelector.app */,
				AA3B47C71ECAF368002FFC86 /* XYIndexSelectorTests.xctest */,
				AA3B47D21ECAF368002FFC86 /* XYIndexSelectorUITests.xctest */,
			);
			name = Products;
			sourceTree = "<group>";
		};
		AA3B47B01ECAF368002FFC86 /* XYIndexSelector */ = {
			isa = PBXGroup;
			children = (
				AA3B47B41ECAF368002FFC86 /* AppDelegate.h */,
				AA3B47B51ECAF368002FFC86 /* AppDelegate.m */,
				AA3B47B71ECAF368002FFC86 /* ViewController.h */,
				AA3B47B81ECAF368002FFC86 /* ViewController.m */,
				AA3B47E41ECAF386002FFC86 /* XYIndexView.h */,
				AA3B47E51ECAF386002FFC86 /* XYIndexView.m */,
				AA3B47BA1ECAF368002FFC86 /* Main.storyboard */,
				AA3B47BD1ECAF368002FFC86 /* Assets.xcassets */,
				AA3B47BF1ECAF368002FFC86 /* LaunchScreen.storyboard */,
				AA3B47C21ECAF368002FFC86 /* Info.plist */,
				AA3B47B11ECAF368002FFC86 /* Supporting Files */,
			);
			path = XYIndexSelector;
			sourceTree = "<group>";
		};
		AA3B47B11ECAF368002FFC86 /* Supporting Files */ = {
			isa = PBXGroup;
			children = (
				AA3B47B21ECAF368002FFC86 /* main.m */,
			);
			name = "Supporting Files";
			sourceTree = "<group>";
		};
		AA3B47CA1ECAF368002FFC86 /* XYIndexSelectorTests */ = {
			isa = PBXGroup;
			children = (
				AA3B47CB1ECAF368002FFC86 /* XYIndexSelectorTests.m */,
				AA3B47CD1ECAF368002FFC86 /* Info.plist */,
			);
			path = XYIndexSelectorTests;
			sourceTree = "<group>";
		};
		AA3B47D51ECAF368002FFC86 /* XYIndexSelectorUITests */ = {
			isa = PBXGroup;
			children = (
				AA3B47D61ECAF368002FFC86 /* XYIndexSelectorUITests.m */,
				AA3B47D81ECAF368002FFC86 /* Info.plist */,
			);
			path = XYIndexSelectorUITests;
			sourceTree = "<group>";
		};
/* End PBXGroup section */

/* Begin PBXNativeTarget section */
		AA3B47AD1ECAF368002FFC86 /* XYIndexSelector */ = {
			isa = PBXNativeTarget;
			buildConfigurationList = AA3B47DB1ECAF368002FFC86 /* Build configuration list for PBXNativeTarget "XYIndexSelector" */;
			buildPhases = (
				AA3B47AA1ECAF368002FFC86 /* Sources */,
				AA3B47AB1ECAF368002FFC86 /* Frameworks */,
				AA3B47AC1ECAF368002FFC86 /* Resources */,
			);
			buildRules = (
			);
			dependencies = (
			);
			name = XYIndexSelector;
			productName = XYIndexSelector;
			productReference = AA3B47AE1ECAF368002FFC86 /* XYIndexSelector.app */;
			productType = "com.apple.product-type.application";
		};
		AA3B47C61ECAF368002FFC86 /* XYIndexSelectorTests */ = {
			isa = PBXNativeTarget;
			buildConfigurationList = AA3B47DE1ECAF368002FFC86 /* Build configuration list for PBXNativeTarget "XYIndexSelectorTests" */;
			buildPhases = (
				AA3B47C31ECAF368002FFC86 /* Sources */,
				AA3B47C41ECAF368002FFC86 /* Frameworks */,
				AA3B47C51ECAF368002FFC86 /* Resources */,
			);
			buildRules = (
			);
			dependencies = (
				AA3B47C91ECAF368002FFC86 /* PBXTargetDependency */,
			);
			name = XYIndexSelectorTests;
			productName = XYIndexSelectorTests;
			productReference = AA3B47C71ECAF368002FFC86 /* XYIndexSelectorTests.xctest */;
			productType = "com.apple.product-type.bundle.unit-test";
		};
		AA3B47D11ECAF368002FFC86 /* XYIndexSelectorUITests */ = {
			isa = PBXNativeTarget;
			buildConfigurationList = AA3B47E11ECAF368002FFC86 /* Build configuration list for PBXNativeTarget "XYIndexSelectorUITests" */;
			buildPhases = (
				AA3B47CE1ECAF368002FFC86 /* Sources */,
				AA3B47CF1ECAF368002FFC86 /* Frameworks */,
				AA3B47D01ECAF368002FFC86 /* Resources */,
			);
			buildRules = (
			);
			dependencies = (
				AA3B47D41ECAF368002FFC86 /* PBXTargetDependency */,
			);
			name = XYIndexSelectorUITests;
			productName = XYIndexSelectorUITests;
			productReference = AA3B47D21ECAF368002FFC86 /* XYIndexSelectorUITests.xctest */;
			productType = "com.apple.product-type.bundle.ui-testing";
		};
/* End PBXNativeTarget section */

/* Begin PBXProject section */
		AA3B47A61ECAF368002FFC86 /* Project object */ = {
			isa = PBXProject;
			attributes = {
				LastUpgradeCheck = 0830;
				ORGANIZATIONNAME = "小萌";
				TargetAttributes = {
					AA3B47AD1ECAF368002FFC86 = {
						CreatedOnToolsVersion = 8.3.2;
						ProvisioningStyle = Automatic;
					};
					AA3B47C61ECAF368002FFC86 = {
						CreatedOnToolsVersion = 8.3.2;
						ProvisioningStyle = Automatic;
						TestTargetID = AA3B47AD1ECAF368002FFC86;
					};
					AA3B47D11ECAF368002FFC86 = {
						CreatedOnToolsVersion = 8.3.2;
						ProvisioningStyle = Automatic;
						TestTargetID = AA3B47AD1ECAF368002FFC86;
					};
				};
			};
			buildConfigurationList = AA3B47A91ECAF368002FFC86 /* Build configuration list for PBXProject "XYIndexSelector" */;
			compatibilityVersion = "Xcode 3.2";
			developmentRegion = English;
			hasScannedForEncodings = 0;
			knownRegions = (
				en,
				Base,
			);
			mainGroup = AA3B47A51ECAF368002FFC86;
			productRefGroup = AA3B47AF1ECAF368002FFC86 /* Products */;
			projectDirPath = "";
			projectRoot = "";
			targets = (
				AA3B47AD1ECAF368002FFC86 /* XYIndexSelector */,
				AA3B47C61ECAF368002FFC86 /* XYIndexSelectorTests */,
				AA3B47D11ECAF368002FFC86 /* XYIndexSelectorUITests */,
			);
		};
/* End PBXProject section */

/* Begin PBXResourcesBuildPhase section */
		AA3B47AC1ECAF368002FFC86 /* Resources */ = {
			isa = PBXResourcesBuildPhase;
			buildActionMask = 2147483647;
			files = (
				AA3B47C11ECAF368002FFC86 /* LaunchScreen.storyboard in Resources */,
				AA3B47BE1ECAF368002FFC86 /* Assets.xcassets in Resources */,
				AA3B47BC1ECAF368002FFC86 /* Main.storyboard in Resources */,
			);
			runOnlyForDeploymentPostprocessing = 0;
		};
		AA3B47C51ECAF368002FFC86 /* Resources */ = {
			isa = PBXResourcesBuildPhase;
			buildActionMask = 2147483647;
			files = (
			);
			runOnlyForDeploymentPostprocessing = 0;
		};
		AA3B47D01ECAF368002FFC86 /* Resources */ = {
			isa = PBXResourcesBuildPhase;
			buildActionMask = 2147483647;
			files = (
			);
			runOnlyForDeploymentPostprocessing = 0;
		};
/* End PBXResourcesBuildPhase section */

/* Begin PBXSourcesBuildPhase section */
		AA3B47AA1ECAF368002FFC86 /* Sources */ = {
			isa = PBXSourcesBuildPhase;
			buildActionMask = 2147483647;
			files = (
				AA3B47E61ECAF386002FFC86 /* XYIndexView.m in Sources */,
				AA3B47B91ECAF368002FFC86 /* ViewController.m in Sources */,
				AA3B47B61ECAF368002FFC86 /* AppDelegate.m in Sources */,
				AA3B47B31ECAF368002FFC86 /* main.m in Sources */,
			);
			runOnlyForDeploymentPostprocessing = 0;
		};
		AA3B47C31ECAF368002FFC86 /* Sources */ = {
			isa = PBXSourcesBuildPhase;
			buildActionMask = 2147483647;
			files = (
				AA3B47CC1ECAF368002FFC86 /* XYIndexSelectorTests.m in Sources */,
			);
			runOnlyForDeploymentPostprocessing = 0;
		};
		AA3B47CE1ECAF368002FFC86 /* Sources */ = {
			isa = PBXSourcesBuildPhase;
			buildActionMask = 2147483647;
			files = (
				AA3B47D71ECAF368002FFC86 /* XYIndexSelectorUITests.m in Sources */,
			);
			runOnlyForDeploymentPostprocessing = 0;
		};
/* End PBXSourcesBuildPhase section */

/* Begin PBXTargetDependency section */
		AA3B47C91ECAF368002FFC86 /* PBXTargetDependency */ = {
			isa = PBXTargetDependency;
			target = AA3B47AD1ECAF368002FFC86 /* XYIndexSelector */;
			targetProxy = AA3B47C81ECAF368002FFC86 /* PBXContainerItemProxy */;
		};
		AA3B47D41ECAF368002FFC86 /* PBXTargetDependency */ = {
			isa = PBXTargetDependency;
			target = AA3B47AD1ECAF368002FFC86 /* XYIndexSelector */;
			targetProxy = AA3B47D31ECAF368002FFC86 /* PBXContainerItemProxy */;
		};
/* End PBXTargetDependency section */

/* Begin PBXVariantGroup section */
		AA3B47BA1ECAF368002FFC86 /* Main.storyboard */ = {
			isa = PBXVariantGroup;
			children = (
				AA3B47BB1ECAF368002FFC86 /* Base */,
			);
			name = Main.storyboard;
			sourceTree = "<group>";
		};
		AA3B47BF1ECAF368002FFC86 /* LaunchScreen.storyboard */ = {
			isa = PBXVariantGroup;
			children = (
				AA3B47C01ECAF368002FFC86 /* Base */,
			);
			name = LaunchScreen.storyboard;
			sourceTree = "<group>";
		};
/* End PBXVariantGroup section */

/* Begin XCBuildConfiguration section */
		AA3B47D91ECAF368002FFC86 /* Debug */ = {
			isa = XCBuildConfiguration;
			buildSettings = {
				ALWAYS_SEARCH_USER_PATHS = NO;
				CLANG_ANALYZER_NONNULL = YES;
				CLANG_ANALYZER_NUMBER_OBJECT_CONVERSION = YES_AGGRESSIVE;
				CLANG_CXX_LANGUAGE_STANDARD = "gnu++0x";
				CLANG_CXX_LIBRARY = "libc++";
				CLANG_ENABLE_MODULES = YES;
				CLANG_ENABLE_OBJC_ARC = YES;
				CLANG_WARN_BOOL_CONVERSION = YES;
				CLANG_WARN_CONSTANT_CONVERSION = YES;
				CLANG_WARN_DIRECT_OBJC_ISA_USAGE = YES_ERROR;
				CLANG_WARN_DOCUMENTATION_COMMENTS = YES;
				CLANG_WARN_EMPTY_BODY = YES;
				CLANG_WARN_ENUM_CONVERSION = YES;
				CLANG_WARN_INFINITE_RECURSION = YES;
				CLANG_WARN_INT_CONVERSION = YES;
				CLANG_WARN_OBJC_ROOT_CLASS = YES_ERROR;
				CLANG_WARN_SUSPICIOUS_MOVE = YES;
				CLANG_WARN_UNREACHABLE_CODE = YES;
				CLANG_WARN__DUPLICATE_METHOD_MATCH = YES;
				"CODE_SIGN_IDENTITY[sdk=iphoneos*]" = "iPhone Developer";
				COPY_PHASE_STRIP = NO;
				DEBUG_INFORMATION_FORMAT = dwarf;
				ENABLE_STRICT_OBJC_MSGSEND = YES;
				ENABLE_TESTABILITY = YES;
				GCC_C_LANGUAGE_STANDARD = gnu99;
				GCC_DYNAMIC_NO_PIC = NO;
				GCC_NO_COMMON_BLOCKS = YES;
				GCC_OPTIMIZATION_LEVEL = 0;
				GCC_PREPROCESSOR_DEFINITIONS = (
					"DEBUG=1",
					"$(inherited)",
				);
				GCC_WARN_64_TO_32_BIT_CONVERSION = YES;
				GCC_WARN_ABOUT_RETURN_TYPE = YES_ERROR;
				GCC_WARN_UNDECLARED_SELECTOR = YES;
				GCC_WARN_UNINITIALIZED_AUTOS = YES_AGGRESSIVE;
				GCC_WARN_UNUSED_FUNCTION = YES;
				GCC_WARN_UNUSED_VARIABLE = YES;
				IPHONEOS_DEPLOYMENT_TARGET = 10.3;
				MTL_ENABLE_DEBUG_INFO = YES;
				ONLY_ACTIVE_ARCH = YES;
				SDKROOT = iphoneos;
				TARGETED_DEVICE_FAMILY = "1,2";
			};
			name = Debug;
		};
		AA3B47DA1ECAF368002FFC86 /* Release */ = {
			isa = XCBuildConfiguration;
			buildSettings = {
				ALWAYS_SEARCH_USER_PATHS = NO;
				CLANG_ANALYZER_NONNULL = YES;
				CLANG_ANALYZER_NUMBER_OBJECT_CONVERSION = YES_AGGRESSIVE;
				CLANG_CXX_LANGUAGE_STANDARD = "gnu++0x";
				CLANG_CXX_LIBRARY = "libc++";
				CLANG_ENABLE_MODULES = YES;
				CLANG_ENABLE_OBJC_ARC = YES;
				CLANG_WARN_BOOL_CONVERSION = YES;
				CLANG_WARN_CONSTANT_CONVERSION = YES;
				CLANG_WARN_DIRECT_OBJC_ISA_USAGE = YES_ERROR;
				CLANG_WARN_DOCUMENTATION_COMMENTS = YES;
				CLANG_WARN_EMPTY_BODY = YES;
				CLANG_WARN_ENUM_CONVERSION = YES;
				CLANG_WARN_INFINITE_RECURSION = YES;
				CLANG_WARN_INT_CONVERSION = YES;
				CLANG_WARN_OBJC_ROOT_CLASS = YES_ERROR;
				CLANG_WARN_SUSPICIOUS_MOVE = YES;
				CLANG_WARN_UNREACHABLE_CODE = YES;
				CLANG_WARN__DUPLICATE_METHOD_MATCH = YES;
				"CODE_SIGN_IDENTITY[sdk=iphoneos*]" = "iPhone Developer";
				COPY_PHASE_STRIP = NO;
				DEBUG_INFORMATION_FORMAT = "dwarf-with-dsym";
				ENABLE_NS_ASSERTIONS = NO;
				ENABLE_STRICT_OBJC_MSGSEND = YES;
				GCC_C_LANGUAGE_STANDARD = gnu99;
				GCC_NO_COMMON_BLOCKS = YES;
				GCC_WARN_64_TO_32_BIT_CONVERSION = YES;
				GCC_WARN_ABOUT_RETURN_TYPE = YES_ERROR;
				GCC_WARN_UNDECLARED_SELECTOR = YES;
				GCC_WARN_UNINITIALIZED_AUTOS = YES_AGGRESSIVE;
				GCC_WARN_UNUSED_FUNCTION = YES;
				GCC_WARN_UNUSED_VARIABLE = YES;
				IPHONEOS_DEPLOYMENT_TARGET = 10.3;
				MTL_ENABLE_DEBUG_INFO = NO;
				SDKROOT = iphoneos;
				TARGETED_DEVICE_FAMILY = "1,2";
				VALIDATE_PRODUCT = YES;
			};
			name = Release;
		};
		AA3B47DC1ECAF368002FFC86 /* Debug */ = {
			isa = XCBuildConfiguration;
			buildSettings = {
				ASSETCATALOG_COMPILER_APPICON_NAME = AppIcon;
				INFOPLIST_FILE = XYIndexSelector/Info.plist;
				LD_RUNPATH_SEARCH_PATHS = "$(inherited) @executable_path/Frameworks";
				PRODUCT_BUNDLE_IDENTIFIER = www.XYIndexSelector;
				PRODUCT_NAME = "$(TARGET_NAME)";
			};
			name = Debug;
		};
		AA3B47DD1ECAF368002FFC86 /* Release */ = {
			isa = XCBuildConfiguration;
			buildSettings = {
				ASSETCATALOG_COMPILER_APPICON_NAME = AppIcon;
				INFOPLIST_FILE = XYIndexSelector/Info.plist;
				LD_RUNPATH_SEARCH_PATHS = "$(inherited) @executable_path/Frameworks";
				PRODUCT_BUNDLE_IDENTIFIER = www.XYIndexSelector;
				PRODUCT_NAME = "$(TARGET_NAME)";
			};
			name = Release;
		};
		AA3B47DF1ECAF368002FFC86 /* Debug */ = {
			isa = XCBuildConfiguration;
			buildSettings = {
				BUNDLE_LOADER = "$(TEST_HOST)";
				INFOPLIST_FILE = XYIndexSelectorTests/Info.plist;
				LD_RUNPATH_SEARCH_PATHS = "$(inherited) @executable_path/Frameworks @loader_path/Frameworks";
				PRODUCT_BUNDLE_IDENTIFIER = www.XYIndexSelectorTests;
				PRODUCT_NAME = "$(TARGET_NAME)";
				TEST_HOST = "$(BUILT_PRODUCTS_DIR)/XYIndexSelector.app/XYIndexSelector";
			};
			name = Debug;
		};
		AA3B47E01ECAF368002FFC86 /* Release */ = {
			isa = XCBuildConfiguration;
			buildSettings = {
				BUNDLE_LOADER = "$(TEST_HOST)";
				INFOPLIST_FILE = XYIndexSelectorTests/Info.plist;
				LD_RUNPATH_SEARCH_PATHS = "$(inherited) @executable_path/Frameworks @loader_path/Frameworks";
				PRODUCT_BUNDLE_IDENTIFIER = www.XYIndexSelectorTests;
				PRODUCT_NAME = "$(TARGET_NAME)";
				TEST_HOST = "$(BUILT_PRODUCTS_DIR)/XYIndexSelector.app/XYIndexSelector";
			};
			name = Release;
		};
		AA3B47E21ECAF368002FFC86 /* Debug */ = {
			isa = XCBuildConfiguration;
			buildSettings = {
				INFOPLIST_FILE = XYIndexSelectorUITests/Info.plist;
				LD_RUNPATH_SEARCH_PATHS = "$(inherited) @executable_path/Frameworks @loader_path/Frameworks";
				PRODUCT_BUNDLE_IDENTIFIER = www.XYIndexSelectorUITests;
				PRODUCT_NAME = "$(TARGET_NAME)";
				TEST_TARGET_NAME = XYIndexSelector;
			};
			name = Debug;
		};
		AA3B47E31ECAF368002FFC86 /* Release */ = {
			isa = XCBuildConfiguration;
			buildSettings = {
				INFOPLIST_FILE = XYIndexSelectorUITests/Info.plist;
				LD_RUNPATH_SEARCH_PATHS = "$(inherited) @executable_path/Frameworks @loader_path/Frameworks";
				PRODUCT_BUNDLE_IDENTIFIER = www.XYIndexSelectorUITests;
				PRODUCT_NAME = "$(TARGET_NAME)";
				TEST_TARGET_NAME = XYIndexSelector;
			};
			name = Release;
		};
/* End XCBuildConfiguration section */

/* Begin XCConfigurationList section */
		AA3B47A91ECAF368002FFC86 /* Build configuration list for PBXProject "XYIndexSelector" */ = {
			isa = XCConfigurationList;
			buildConfigurations = (
				AA3B47D91ECAF368002FFC86 /* Debug */,
				AA3B47DA1ECAF368002FFC86 /* Release */,
			);
			defaultConfigurationIsVisible = 0;
			defaultConfigurationName = Release;
		};
		AA3B47DB1ECAF368002FFC86 /* Build configuration list for PBXNativeTarget "XYIndexSelector" */ = {
			isa = XCConfigurationList;
			buildConfigurations = (
				AA3B47DC1ECAF368002FFC86 /* Debug */,
				AA3B47DD1ECAF368002FFC86 /* Release */,
			);
			defaultConfigurationIsVisible = 0;
		};
		AA3B47DE1ECAF368002FFC86 /* Build configuration list for PBXNativeTarget "XYIndexSelectorTests" */ = {
			isa = XCConfigurationList;
			buildConfigurations = (
				AA3B47DF1ECAF368002FFC86 /* Debug */,
				AA3B47E01ECAF368002FFC86 /* Release */,
			);
			defaultConfigurationIsVisible = 0;
		};
		AA3B47E11ECAF368002FFC86 /* Build configuration list for PBXNativeTarget "XYIndexSelectorUITests" */ = {
			isa = XCConfigurationList;
			buildConfigurations = (
				AA3B47E21ECAF368002FFC86 /* Debug */,
				AA3B47E31ECAF368002FFC86 /* Release */,
			);
			defaultConfigurationIsVisible = 0;
		};
/* End XCConfigurationList section */
	};
	rootObject = AA3B47A61ECAF368002FFC86 /* Project object */;
}
